{
  "version": 4,
  "terraform_version": "1.11.4",
  "serial": 68,
  "lineage": "41c3f5a3-b461-f94c-78ff-8eb21ecdce68",
  "outputs": {
    "org_map": {
      "value": {
        "azure-corp.com": "org_YZurKvaoBfFlbQTr",
        "ba2kxoutlook.onmicrosoft.com": "org_OqugCGseq85xF0rm",
        "google-corp.com": "org_8mcqihdxiRlYI9t8",
        "ldap-corp.com": "org_fDx7gecDJ4hAmKDu",
        "okta-corp.com": "org_5DnOZCUZyLy2f8sT",
        "saml-corp.com": "org_wtg281Bn9Lb3oaXn"
      },
      "type": [
        "object",
        {
          "azure-corp.com": "string",
          "ba2kxoutlook.onmicrosoft.com": "string",
          "google-corp.com": "string",
          "ldap-corp.com": "string",
          "okta-corp.com": "string",
          "saml-corp.com": "string"
        }
      ]
    }
  },
  "resources": [
    {
      "mode": "managed",
      "type": "auth0_connection",
      "name": "conns",
      "provider": "provider[\"registry.terraform.io/auth0/auth0\"]",
      "instances": [
        {
          "index_key": "azure-corp",
          "schema_version": 3,
          "attributes": {
            "authentication": [
              {
                "active": true
              }
            ],
            "connected_accounts": [
              {
                "active": false
              }
            ],
            "display_name": "",
            "id": "con_YvS0jpFtU6cb1OI5",
            "is_domain_connection": false,
            "metadata": {},
            "name": "sim-azure-conn",
            "options": [
              {
                "access_token_url": "",
                "adfs_server": "",
                "allowed_audiences": [],
                "api_enable_users": false,
                "app_id": "",
                "attribute_map": [],
                "attributes": [],
                "auth_params": {},
                "authentication_methods": [
                  {
                    "passkey": [
                      {
                        "enabled": false
                      }
                    ],
                    "password": [
                      {
                        "enabled": true
                      }
                    ]
                  }
                ],
                "authorization_endpoint": "",
                "brute_force_protection": true,
                "client_id": "",
                "client_secret": "",
                "community_base_url": "",
                "configuration": {},
                "connection_settings": [],
                "consumer_key": "",
                "consumer_secret": "",
                "custom_headers": [],
                "custom_scripts": {},
                "debug": false,
                "decryption_key": [],
                "digest_algorithm": "",
                "disable_cache": false,
                "disable_self_service_change_password": false,
                "disable_sign_out": false,
                "disable_signup": true,
                "discovery_url": "",
                "domain": "",
                "domain_aliases": [],
                "enable_script_context": false,
                "enabled_database_customization": false,
                "entity_id": "",
                "fed_metadata_xml": "",
                "fields_map": "",
                "forward_request_info": false,
                "from": "",
                "gateway_authentication": [],
                "gateway_url": "",
                "global_token_revocation_jwt_iss": "",
                "global_token_revocation_jwt_sub": "",
                "icon_url": "",
                "identity_api": "",
                "idp_initiated": [],
                "import_mode": false,
                "ips": [],
                "issuer": "",
                "jwks_uri": "",
                "key_id": "",
                "map_user_id_to_id": false,
                "max_groups_to_retrieve": "",
                "messaging_service_sid": "",
                "metadata_url": "",
                "metadata_xml": "",
                "mfa": [],
                "name": "",
                "non_persistent_attrs": [],
                "passkey_options": [
                  {
                    "challenge_ui": "both",
                    "local_enrollment_enabled": true,
                    "progressive_enrollment_enabled": true
                  }
                ],
                "password_complexity_options": [],
                "password_dictionary": [],
                "password_history": [],
                "password_no_personal_info": [],
                "password_policy": "",
                "ping_federate_base_url": "",
                "pkce_enabled": false,
                "precedence": [],
                "protocol_binding": "",
                "provider": "",
                "realm_fallback": false,
                "request_template": "",
                "request_token_url": "",
                "requires_username": false,
                "scopes": [],
                "scripts": {},
                "session_key": "",
                "set_user_root_attributes": "",
                "should_trust_email_verified_connection": "",
                "sign_in_endpoint": "",
                "sign_out_endpoint": "",
                "sign_saml_request": false,
                "signature_algorithm": "",
                "signature_method": "",
                "signing_cert": "",
                "signing_key": [],
                "strategy_version": 0,
                "subject": "",
                "syntax": "",
                "team_id": "",
                "template": "",
                "tenant_domain": "",
                "token_endpoint": "",
                "token_endpoint_auth_method": "",
                "token_endpoint_auth_signing_alg": "",
                "totp": [],
                "twilio_sid": "",
                "twilio_token": "",
                "type": "",
                "upstream_params": "",
                "use_cert_auth": false,
                "use_kerberos": false,
                "use_wsfed": false,
                "user_authorization_url": "",
                "user_id_attribute": "",
                "userinfo_endpoint": "",
                "validation": [],
                "waad_common_endpoint": false,
                "waad_protocol": ""
              }
            ],
            "realms": [
              "sim-azure-conn"
            ],
            "show_as_button": null,
            "strategy": "auth0"
          },
          "sensitive_attributes": [
            [
              {
                "type": "get_attr",
                "value": "options"
              },
              {
                "type": "index",
                "value": {
                  "value": 0,
                  "type": "number"
                }
              },
              {
                "type": "get_attr",
                "value": "twilio_token"
              }
            ],
            [
              {
                "type": "get_attr",
                "value": "options"
              },
              {
                "type": "index",
                "value": {
                  "value": 0,
                  "type": "number"
                }
              },
              {
                "type": "get_attr",
                "value": "client_secret"
              }
            ],
            [
              {
                "type": "get_attr",
                "value": "options"
              },
              {
                "type": "index",
                "value": {
                  "value": 0,
                  "type": "number"
                }
              },
              {
                "type": "get_attr",
                "value": "configuration"
              }
            ]
          ],
          "private": "eyJzY2hlbWFfdmVyc2lvbiI6IjMifQ=="
        },
        {
          "index_key": "google-corp",
          "schema_version": 3,
          "attributes": {
            "authentication": [
              {
                "active": true
              }
            ],
            "connected_accounts": [
              {
                "active": false
              }
            ],
            "display_name": "",
            "id": "con_US8kZFxhfUFZdAYM",
            "is_domain_connection": false,
            "metadata": {},
            "name": "sim-google-conn",
            "options": [
              {
                "access_token_url": "",
                "adfs_server": "",
                "allowed_audiences": [],
                "api_enable_users": false,
                "app_id": "",
                "attribute_map": [],
                "attributes": [],
                "auth_params": {},
                "authentication_methods": [
                  {
                    "passkey": [
                      {
                        "enabled": false
                      }
                    ],
                    "password": [
                      {
                        "enabled": true
                      }
                    ]
                  }
                ],
                "authorization_endpoint": "",
                "brute_force_protection": true,
                "client_id": "",
                "client_secret": "",
                "community_base_url": "",
                "configuration": {},
                "connection_settings": [],
                "consumer_key": "",
                "consumer_secret": "",
                "custom_headers": [],
                "custom_scripts": {},
                "debug": false,
                "decryption_key": [],
                "digest_algorithm": "",
                "disable_cache": false,
                "disable_self_service_change_password": false,
                "disable_sign_out": false,
                "disable_signup": true,
                "discovery_url": "",
                "domain": "",
                "domain_aliases": [],
                "enable_script_context": false,
                "enabled_database_customization": false,
                "entity_id": "",
                "fed_metadata_xml": "",
                "fields_map": "",
                "forward_request_info": false,
                "from": "",
                "gateway_authentication": [],
                "gateway_url": "",
                "global_token_revocation_jwt_iss": "",
                "global_token_revocation_jwt_sub": "",
                "icon_url": "",
                "identity_api": "",
                "idp_initiated": [],
                "import_mode": false,
                "ips": [],
                "issuer": "",
                "jwks_uri": "",
                "key_id": "",
                "map_user_id_to_id": false,
                "max_groups_to_retrieve": "",
                "messaging_service_sid": "",
                "metadata_url": "",
                "metadata_xml": "",
                "mfa": [],
                "name": "",
                "non_persistent_attrs": [],
                "passkey_options": [
                  {
                    "challenge_ui": "both",
                    "local_enrollment_enabled": true,
                    "progressive_enrollment_enabled": true
                  }
                ],
                "password_complexity_options": [],
                "password_dictionary": [],
                "password_history": [],
                "password_no_personal_info": [],
                "password_policy": "",
                "ping_federate_base_url": "",
                "pkce_enabled": false,
                "precedence": [],
                "protocol_binding": "",
                "provider": "",
                "realm_fallback": false,
                "request_template": "",
                "request_token_url": "",
                "requires_username": false,
                "scopes": [],
                "scripts": {},
                "session_key": "",
                "set_user_root_attributes": "",
                "should_trust_email_verified_connection": "",
                "sign_in_endpoint": "",
                "sign_out_endpoint": "",
                "sign_saml_request": false,
                "signature_algorithm": "",
                "signature_method": "",
                "signing_cert": "",
                "signing_key": [],
                "strategy_version": 0,
                "subject": "",
                "syntax": "",
                "team_id": "",
                "template": "",
                "tenant_domain": "",
                "token_endpoint": "",
                "token_endpoint_auth_method": "",
                "token_endpoint_auth_signing_alg": "",
                "totp": [],
                "twilio_sid": "",
                "twilio_token": "",
                "type": "",
                "upstream_params": "",
                "use_cert_auth": false,
                "use_kerberos": false,
                "use_wsfed": false,
                "user_authorization_url": "",
                "user_id_attribute": "",
                "userinfo_endpoint": "",
                "validation": [],
                "waad_common_endpoint": false,
                "waad_protocol": ""
              }
            ],
            "realms": [
              "sim-google-conn"
            ],
            "show_as_button": null,
            "strategy": "auth0"
          },
          "sensitive_attributes": [
            [
              {
                "type": "get_attr",
                "value": "options"
              },
              {
                "type": "index",
                "value": {
                  "value": 0,
                  "type": "number"
                }
              },
              {
                "type": "get_attr",
                "value": "client_secret"
              }
            ],
            [
              {
                "type": "get_attr",
                "value": "options"
              },
              {
                "type": "index",
                "value": {
                  "value": 0,
                  "type": "number"
                }
              },
              {
                "type": "get_attr",
                "value": "configuration"
              }
            ],
            [
              {
                "type": "get_attr",
                "value": "options"
              },
              {
                "type": "index",
                "value": {
                  "value": 0,
                  "type": "number"
                }
              },
              {
                "type": "get_attr",
                "value": "twilio_token"
              }
            ]
          ],
          "private": "eyJzY2hlbWFfdmVyc2lvbiI6IjMifQ=="
        },
        {
          "index_key": "ldap-corp",
          "schema_version": 3,
          "attributes": {
            "authentication": [
              {
                "active": true
              }
            ],
            "connected_accounts": [
              {
                "active": false
              }
            ],
            "display_name": "",
            "id": "con_Uae22xNsHlsOsMYl",
            "is_domain_connection": false,
            "metadata": {},
            "name": "sim-ldap-conn",
            "options": [
              {
                "access_token_url": "",
                "adfs_server": "",
                "allowed_audiences": [],
                "api_enable_users": false,
                "app_id": "",
                "attribute_map": [],
                "attributes": [],
                "auth_params": {},
                "authentication_methods": [
                  {
                    "passkey": [
                      {
                        "enabled": false
                      }
                    ],
                    "password": [
                      {
                        "enabled": true
                      }
                    ]
                  }
                ],
                "authorization_endpoint": "",
                "brute_force_protection": true,
                "client_id": "",
                "client_secret": "",
                "community_base_url": "",
                "configuration": {},
                "connection_settings": [],
                "consumer_key": "",
                "consumer_secret": "",
                "custom_headers": [],
                "custom_scripts": {},
                "debug": false,
                "decryption_key": [],
                "digest_algorithm": "",
                "disable_cache": false,
                "disable_self_service_change_password": false,
                "disable_sign_out": false,
                "disable_signup": true,
                "discovery_url": "",
                "domain": "",
                "domain_aliases": [],
                "enable_script_context": false,
                "enabled_database_customization": false,
                "entity_id": "",
                "fed_metadata_xml": "",
                "fields_map": "",
                "forward_request_info": false,
                "from": "",
                "gateway_authentication": [],
                "gateway_url": "",
                "global_token_revocation_jwt_iss": "",
                "global_token_revocation_jwt_sub": "",
                "icon_url": "",
                "identity_api": "",
                "idp_initiated": [],
                "import_mode": false,
                "ips": [],
                "issuer": "",
                "jwks_uri": "",
                "key_id": "",
                "map_user_id_to_id": false,
                "max_groups_to_retrieve": "",
                "messaging_service_sid": "",
                "metadata_url": "",
                "metadata_xml": "",
                "mfa": [],
                "name": "",
                "non_persistent_attrs": [],
                "passkey_options": [
                  {
                    "challenge_ui": "both",
                    "local_enrollment_enabled": true,
                    "progressive_enrollment_enabled": true
                  }
                ],
                "password_complexity_options": [],
                "password_dictionary": [],
                "password_history": [],
                "password_no_personal_info": [],
                "password_policy": "",
                "ping_federate_base_url": "",
                "pkce_enabled": false,
                "precedence": [],
                "protocol_binding": "",
                "provider": "",
                "realm_fallback": false,
                "request_template": "",
                "request_token_url": "",
                "requires_username": false,
                "scopes": [],
                "scripts": {},
                "session_key": "",
                "set_user_root_attributes": "",
                "should_trust_email_verified_connection": "",
                "sign_in_endpoint": "",
                "sign_out_endpoint": "",
                "sign_saml_request": false,
                "signature_algorithm": "",
                "signature_method": "",
                "signing_cert": "",
                "signing_key": [],
                "strategy_version": 0,
                "subject": "",
                "syntax": "",
                "team_id": "",
                "template": "",
                "tenant_domain": "",
                "token_endpoint": "",
                "token_endpoint_auth_method": "",
                "token_endpoint_auth_signing_alg": "",
                "totp": [],
                "twilio_sid": "",
                "twilio_token": "",
                "type": "",
                "upstream_params": "",
                "use_cert_auth": false,
                "use_kerberos": false,
                "use_wsfed": false,
                "user_authorization_url": "",
                "user_id_attribute": "",
                "userinfo_endpoint": "",
                "validation": [],
                "waad_common_endpoint": false,
                "waad_protocol": ""
              }
            ],
            "realms": [
              "sim-ldap-conn"
            ],
            "show_as_button": null,
            "strategy": "auth0"
          },
          "sensitive_attributes": [
            [
              {
                "type": "get_attr",
                "value": "options"
              },
              {
                "type": "index",
                "value": {
                  "value": 0,
                  "type": "number"
                }
              },
              {
                "type": "get_attr",
                "value": "client_secret"
              }
            ],
            [
              {
                "type": "get_attr",
                "value": "options"
              },
              {
                "type": "index",
                "value": {
                  "value": 0,
                  "type": "number"
                }
              },
              {
                "type": "get_attr",
                "value": "twilio_token"
              }
            ],
            [
              {
                "type": "get_attr",
                "value": "options"
              },
              {
                "type": "index",
                "value": {
                  "value": 0,
                  "type": "number"
                }
              },
              {
                "type": "get_attr",
                "value": "configuration"
              }
            ]
          ],
          "private": "eyJzY2hlbWFfdmVyc2lvbiI6IjMifQ=="
        },
        {
          "index_key": "okta-corp",
          "schema_version": 3,
          "attributes": {
            "authentication": [
              {
                "active": true
              }
            ],
            "connected_accounts": [
              {
                "active": false
              }
            ],
            "display_name": "",
            "id": "con_BTcB6lCR7Cc0rXIK",
            "is_domain_connection": false,
            "metadata": {},
            "name": "sim-okta-conn",
            "options": [
              {
                "access_token_url": "",
                "adfs_server": "",
                "allowed_audiences": [],
                "api_enable_users": false,
                "app_id": "",
                "attribute_map": [],
                "attributes": [],
                "auth_params": {},
                "authentication_methods": [
                  {
                    "passkey": [
                      {
                        "enabled": false
                      }
                    ],
                    "password": [
                      {
                        "enabled": true
                      }
                    ]
                  }
                ],
                "authorization_endpoint": "",
                "brute_force_protection": true,
                "client_id": "",
                "client_secret": "",
                "community_base_url": "",
                "configuration": {},
                "connection_settings": [],
                "consumer_key": "",
                "consumer_secret": "",
                "custom_headers": [],
                "custom_scripts": {},
                "debug": false,
                "decryption_key": [],
                "digest_algorithm": "",
                "disable_cache": false,
                "disable_self_service_change_password": false,
                "disable_sign_out": false,
                "disable_signup": true,
                "discovery_url": "",
                "domain": "",
                "domain_aliases": [],
                "enable_script_context": false,
                "enabled_database_customization": false,
                "entity_id": "",
                "fed_metadata_xml": "",
                "fields_map": "",
                "forward_request_info": false,
                "from": "",
                "gateway_authentication": [],
                "gateway_url": "",
                "global_token_revocation_jwt_iss": "",
                "global_token_revocation_jwt_sub": "",
                "icon_url": "",
                "identity_api": "",
                "idp_initiated": [],
                "import_mode": false,
                "ips": [],
                "issuer": "",
                "jwks_uri": "",
                "key_id": "",
                "map_user_id_to_id": false,
                "max_groups_to_retrieve": "",
                "messaging_service_sid": "",
                "metadata_url": "",
                "metadata_xml": "",
                "mfa": [],
                "name": "",
                "non_persistent_attrs": [],
                "passkey_options": [
                  {
                    "challenge_ui": "both",
                    "local_enrollment_enabled": true,
                    "progressive_enrollment_enabled": true
                  }
                ],
                "password_complexity_options": [],
                "password_dictionary": [],
                "password_history": [],
                "password_no_personal_info": [],
                "password_policy": "",
                "ping_federate_base_url": "",
                "pkce_enabled": false,
                "precedence": [],
                "protocol_binding": "",
                "provider": "",
                "realm_fallback": false,
                "request_template": "",
                "request_token_url": "",
                "requires_username": false,
                "scopes": [],
                "scripts": {},
                "session_key": "",
                "set_user_root_attributes": "",
                "should_trust_email_verified_connection": "",
                "sign_in_endpoint": "",
                "sign_out_endpoint": "",
                "sign_saml_request": false,
                "signature_algorithm": "",
                "signature_method": "",
                "signing_cert": "",
                "signing_key": [],
                "strategy_version": 0,
                "subject": "",
                "syntax": "",
                "team_id": "",
                "template": "",
                "tenant_domain": "",
                "token_endpoint": "",
                "token_endpoint_auth_method": "",
                "token_endpoint_auth_signing_alg": "",
                "totp": [],
                "twilio_sid": "",
                "twilio_token": "",
                "type": "",
                "upstream_params": "",
                "use_cert_auth": false,
                "use_kerberos": false,
                "use_wsfed": false,
                "user_authorization_url": "",
                "user_id_attribute": "",
                "userinfo_endpoint": "",
                "validation": [],
                "waad_common_endpoint": false,
                "waad_protocol": ""
              }
            ],
            "realms": [
              "sim-okta-conn"
            ],
            "show_as_button": null,
            "strategy": "auth0"
          },
          "sensitive_attributes": [
            [
              {
                "type": "get_attr",
                "value": "options"
              },
              {
                "type": "index",
                "value": {
                  "value": 0,
                  "type": "number"
                }
              },
              {
                "type": "get_attr",
                "value": "client_secret"
              }
            ],
            [
              {
                "type": "get_attr",
                "value": "options"
              },
              {
                "type": "index",
                "value": {
                  "value": 0,
                  "type": "number"
                }
              },
              {
                "type": "get_attr",
                "value": "twilio_token"
              }
            ],
            [
              {
                "type": "get_attr",
                "value": "options"
              },
              {
                "type": "index",
                "value": {
                  "value": 0,
                  "type": "number"
                }
              },
              {
                "type": "get_attr",
                "value": "configuration"
              }
            ]
          ],
          "private": "eyJzY2hlbWFfdmVyc2lvbiI6IjMifQ=="
        },
        {
          "index_key": "real-azure-corp",
          "schema_version": 3,
          "attributes": {
            "authentication": [
              {
                "active": true
              }
            ],
            "connected_accounts": [
              {
                "active": false
              }
            ],
            "display_name": "real-azure-ad-conn",
            "id": "con_sTtR5aXncGUk3ogu",
            "is_domain_connection": false,
            "metadata": null,
            "name": "real-azure-ad-conn",
            "options": [
              {
                "access_token_url": "",
                "adfs_server": "",
                "allowed_audiences": [],
                "api_enable_users": false,
                "app_id": "",
                "attribute_map": [],
                "attributes": [],
                "auth_params": null,
                "authentication_methods": [],
                "authorization_endpoint": "",
                "brute_force_protection": false,
                "client_id": "4c58c611-40e1-4e84-a3a0-a897b7137014",
                "client_secret": "pth8Q~ooPrXw7y~HXpa_CUamg6-klxb5hCjmKaOQ",
                "community_base_url": "",
                "configuration": null,
                "connection_settings": [],
                "consumer_key": "",
                "consumer_secret": "",
                "custom_headers": [],
                "custom_scripts": null,
                "debug": false,
                "decryption_key": [],
                "digest_algorithm": "",
                "disable_cache": false,
                "disable_self_service_change_password": false,
                "disable_sign_out": false,
                "disable_signup": false,
                "discovery_url": "",
                "domain": "ba2kxoutlook.onmicrosoft.com",
                "domain_aliases": [],
                "enable_script_context": false,
                "enabled_database_customization": false,
                "entity_id": "",
                "fed_metadata_xml": "",
                "fields_map": "",
                "forward_request_info": false,
                "from": "",
                "gateway_authentication": [],
                "gateway_url": "",
                "global_token_revocation_jwt_iss": "",
                "global_token_revocation_jwt_sub": "",
                "icon_url": "",
                "identity_api": "microsoft-identity-platform-v2.0",
                "idp_initiated": [],
                "import_mode": false,
                "ips": [],
                "issuer": "",
                "jwks_uri": "",
                "key_id": "",
                "map_user_id_to_id": false,
                "max_groups_to_retrieve": "",
                "messaging_service_sid": "",
                "metadata_url": "",
                "metadata_xml": "",
                "mfa": [],
                "name": "",
                "non_persistent_attrs": [],
                "passkey_options": [],
                "password_complexity_options": [],
                "password_dictionary": [],
                "password_history": [],
                "password_no_personal_info": [],
                "password_policy": "",
                "ping_federate_base_url": "",
                "pkce_enabled": false,
                "precedence": null,
                "protocol_binding": "",
                "provider": "",
                "realm_fallback": false,
                "request_template": "",
                "request_token_url": "",
                "requires_username": false,
                "scopes": [],
                "scripts": null,
                "session_key": "",
                "set_user_root_attributes": "on_each_login",
                "should_trust_email_verified_connection": "never_set_emails_as_verified",
                "sign_in_endpoint": "",
                "sign_out_endpoint": "",
                "sign_saml_request": false,
                "signature_algorithm": "",
                "signature_method": "",
                "signing_cert": "",
                "signing_key": [],
                "strategy_version": 0,
                "subject": "",
                "syntax": "",
                "team_id": "",
                "template": "",
                "tenant_domain": "ba2kxoutlook.onmicrosoft.com",
                "token_endpoint": "",
                "token_endpoint_auth_method": "",
                "token_endpoint_auth_signing_alg": "",
                "totp": [],
                "twilio_sid": "",
                "twilio_token": "",
                "type": "",
                "upstream_params": "",
                "use_cert_auth": false,
                "use_kerberos": false,
                "use_wsfed": false,
                "user_authorization_url": "",
                "user_id_attribute": "oid",
                "userinfo_endpoint": "",
                "validation": [],
                "waad_common_endpoint": false,
                "waad_protocol": "openid-connect"
              }
            ],
            "realms": [
              "real-azure-ad-conn"
            ],
            "show_as_button": false,
            "strategy": "waad"
          },
          "sensitive_attributes": [
            [
              {
                "type": "get_attr",
                "value": "options"
              },
              {
                "type": "index",
                "value": {
                  "value": 0,
                  "type": "number"
                }
              },
              {
                "type": "get_attr",
                "value": "twilio_token"
              }
            ],
            [
              {
                "type": "get_attr",
                "value": "options"
              },
              {
                "type": "index",
                "value": {
                  "value": 0,
                  "type": "number"
                }
              },
              {
                "type": "get_attr",
                "value": "client_secret"
              }
            ],
            [
              {
                "type": "get_attr",
                "value": "options"
              },
              {
                "type": "index",
                "value": {
                  "value": 0,
                  "type": "number"
                }
              },
              {
                "type": "get_attr",
                "value": "configuration"
              }
            ]
          ],
          "private": "eyJzY2hlbWFfdmVyc2lvbiI6IjMifQ=="
        },
        {
          "index_key": "saml-corp",
          "schema_version": 3,
          "attributes": {
            "authentication": [
              {
                "active": true
              }
            ],
            "connected_accounts": [
              {
                "active": false
              }
            ],
            "display_name": "",
            "id": "con_VnbPtIi32GB8jp6e",
            "is_domain_connection": false,
            "metadata": {},
            "name": "sim-saml-conn",
            "options": [
              {
                "access_token_url": "",
                "adfs_server": "",
                "allowed_audiences": [],
                "api_enable_users": false,
                "app_id": "",
                "attribute_map": [],
                "attributes": [],
                "auth_params": {},
                "authentication_methods": [
                  {
                    "passkey": [
                      {
                        "enabled": false
                      }
                    ],
                    "password": [
                      {
                        "enabled": true
                      }
                    ]
                  }
                ],
                "authorization_endpoint": "",
                "brute_force_protection": true,
                "client_id": "",
                "client_secret": "",
                "community_base_url": "",
                "configuration": {},
                "connection_settings": [],
                "consumer_key": "",
                "consumer_secret": "",
                "custom_headers": [],
                "custom_scripts": {},
                "debug": false,
                "decryption_key": [],
                "digest_algorithm": "",
                "disable_cache": false,
                "disable_self_service_change_password": false,
                "disable_sign_out": false,
                "disable_signup": true,
                "discovery_url": "",
                "domain": "",
                "domain_aliases": [],
                "enable_script_context": false,
                "enabled_database_customization": false,
                "entity_id": "",
                "fed_metadata_xml": "",
                "fields_map": "",
                "forward_request_info": false,
                "from": "",
                "gateway_authentication": [],
                "gateway_url": "",
                "global_token_revocation_jwt_iss": "",
                "global_token_revocation_jwt_sub": "",
                "icon_url": "",
                "identity_api": "",
                "idp_initiated": [],
                "import_mode": false,
                "ips": [],
                "issuer": "",
                "jwks_uri": "",
                "key_id": "",
                "map_user_id_to_id": false,
                "max_groups_to_retrieve": "",
                "messaging_service_sid": "",
                "metadata_url": "",
                "metadata_xml": "",
                "mfa": [],
                "name": "",
                "non_persistent_attrs": [],
                "passkey_options": [
                  {
                    "challenge_ui": "both",
                    "local_enrollment_enabled": true,
                    "progressive_enrollment_enabled": true
                  }
                ],
                "password_complexity_options": [],
                "password_dictionary": [],
                "password_history": [],
                "password_no_personal_info": [],
                "password_policy": "",
                "ping_federate_base_url": "",
                "pkce_enabled": false,
                "precedence": [],
                "protocol_binding": "",
                "provider": "",
                "realm_fallback": false,
                "request_template": "",
                "request_token_url": "",
                "requires_username": false,
                "scopes": [],
                "scripts": {},
                "session_key": "",
                "set_user_root_attributes": "",
                "should_trust_email_verified_connection": "",
                "sign_in_endpoint": "",
                "sign_out_endpoint": "",
                "sign_saml_request": false,
                "signature_algorithm": "",
                "signature_method": "",
                "signing_cert": "",
                "signing_key": [],
                "strategy_version": 0,
                "subject": "",
                "syntax": "",
                "team_id": "",
                "template": "",
                "tenant_domain": "",
                "token_endpoint": "",
                "token_endpoint_auth_method": "",
                "token_endpoint_auth_signing_alg": "",
                "totp": [],
                "twilio_sid": "",
                "twilio_token": "",
                "type": "",
                "upstream_params": "",
                "use_cert_auth": false,
                "use_kerberos": false,
                "use_wsfed": false,
                "user_authorization_url": "",
                "user_id_attribute": "",
                "userinfo_endpoint": "",
                "validation": [],
                "waad_common_endpoint": false,
                "waad_protocol": ""
              }
            ],
            "realms": [
              "sim-saml-conn"
            ],
            "show_as_button": null,
            "strategy": "auth0"
          },
          "sensitive_attributes": [
            [
              {
                "type": "get_attr",
                "value": "options"
              },
              {
                "type": "index",
                "value": {
                  "value": 0,
                  "type": "number"
                }
              },
              {
                "type": "get_attr",
                "value": "twilio_token"
              }
            ],
            [
              {
                "type": "get_attr",
                "value": "options"
              },
              {
                "type": "index",
                "value": {
                  "value": 0,
                  "type": "number"
                }
              },
              {
                "type": "get_attr",
                "value": "configuration"
              }
            ],
            [
              {
                "type": "get_attr",
                "value": "options"
              },
              {
                "type": "index",
                "value": {
                  "value": 0,
                  "type": "number"
                }
              },
              {
                "type": "get_attr",
                "value": "client_secret"
              }
            ]
          ],
          "private": "eyJzY2hlbWFfdmVyc2lvbiI6IjMifQ=="
        }
      ]
    },
    {
      "mode": "managed",
      "type": "auth0_connection_clients",
      "name": "enable_clients",
      "provider": "provider[\"registry.terraform.io/auth0/auth0\"]",
      "instances": [
        {
          "index_key": "azure-corp",
          "schema_version": 0,
          "attributes": {
            "connection_id": "con_YvS0jpFtU6cb1OI5",
            "enabled_clients": [
              "6DUcggvMzHN8HcWJ1JnlC9femCBeafhk",
              "Db88Bfffe0JGZQeWGFu9J5xWsrP3ZI4l"
            ],
            "id": "con_YvS0jpFtU6cb1OI5",
            "name": "sim-azure-conn",
            "strategy": "auth0"
          },
          "sensitive_attributes": [],
          "private": "bnVsbA==",
          "dependencies": [
            "auth0_connection.conns"
          ]
        },
        {
          "index_key": "google-corp",
          "schema_version": 0,
          "attributes": {
            "connection_id": "con_US8kZFxhfUFZdAYM",
            "enabled_clients": [
              "6DUcggvMzHN8HcWJ1JnlC9femCBeafhk",
              "Db88Bfffe0JGZQeWGFu9J5xWsrP3ZI4l"
            ],
            "id": "con_US8kZFxhfUFZdAYM",
            "name": "sim-google-conn",
            "strategy": "auth0"
          },
          "sensitive_attributes": [],
          "private": "bnVsbA==",
          "dependencies": [
            "auth0_connection.conns"
          ]
        },
        {
          "index_key": "ldap-corp",
          "schema_version": 0,
          "attributes": {
            "connection_id": "con_Uae22xNsHlsOsMYl",
            "enabled_clients": [
              "6DUcggvMzHN8HcWJ1JnlC9femCBeafhk",
              "Db88Bfffe0JGZQeWGFu9J5xWsrP3ZI4l"
            ],
            "id": "con_Uae22xNsHlsOsMYl",
            "name": "sim-ldap-conn",
            "strategy": "auth0"
          },
          "sensitive_attributes": [],
          "private": "bnVsbA==",
          "dependencies": [
            "auth0_connection.conns"
          ]
        },
        {
          "index_key": "okta-corp",
          "schema_version": 0,
          "attributes": {
            "connection_id": "con_BTcB6lCR7Cc0rXIK",
            "enabled_clients": [
              "6DUcggvMzHN8HcWJ1JnlC9femCBeafhk",
              "Db88Bfffe0JGZQeWGFu9J5xWsrP3ZI4l"
            ],
            "id": "con_BTcB6lCR7Cc0rXIK",
            "name": "sim-okta-conn",
            "strategy": "auth0"
          },
          "sensitive_attributes": [],
          "private": "bnVsbA==",
          "dependencies": [
            "auth0_connection.conns"
          ]
        },
        {
          "index_key": "real-azure-corp",
          "schema_version": 0,
          "attributes": {
            "connection_id": "con_sTtR5aXncGUk3ogu",
            "enabled_clients": [
              "6DUcggvMzHN8HcWJ1JnlC9femCBeafhk",
              "Db88Bfffe0JGZQeWGFu9J5xWsrP3ZI4l"
            ],
            "id": "con_sTtR5aXncGUk3ogu",
            "name": "real-azure-ad-conn",
            "strategy": "waad"
          },
          "sensitive_attributes": [],
          "private": "bnVsbA==",
          "dependencies": [
            "auth0_connection.conns"
          ]
        },
        {
          "index_key": "saml-corp",
          "schema_version": 0,
          "attributes": {
            "connection_id": "con_VnbPtIi32GB8jp6e",
            "enabled_clients": [
              "6DUcggvMzHN8HcWJ1JnlC9femCBeafhk",
              "Db88Bfffe0JGZQeWGFu9J5xWsrP3ZI4l"
            ],
            "id": "con_VnbPtIi32GB8jp6e",
            "name": "sim-saml-conn",
            "strategy": "auth0"
          },
          "sensitive_attributes": [],
          "private": "bnVsbA==",
          "dependencies": [
            "auth0_connection.conns"
          ]
        }
      ]
    },
    {
      "mode": "managed",
      "type": "auth0_organization",
      "name": "orgs",
      "provider": "provider[\"registry.terraform.io/auth0/auth0\"]",
      "instances": [
        {
          "index_key": "azure-corp",
          "schema_version": 0,
          "attributes": {
            "branding": [
              {
                "colors": {},
                "logo_url": "https://example.com/logo.png"
              }
            ],
            "display_name": "Azure Corp (Simulated)",
            "id": "org_YZurKvaoBfFlbQTr",
            "metadata": {},
            "name": "azure-corp",
            "token_quota": []
          },
          "sensitive_attributes": [],
          "private": "bnVsbA=="
        },
        {
          "index_key": "google-corp",
          "schema_version": 0,
          "attributes": {
            "branding": [
              {
                "colors": {},
                "logo_url": "https://example.com/logo.png"
              }
            ],
            "display_name": "Google Corp (Simulated)",
            "id": "org_8mcqihdxiRlYI9t8",
            "metadata": {},
            "name": "google-corp",
            "token_quota": []
          },
          "sensitive_attributes": [],
          "private": "bnVsbA=="
        },
        {
          "index_key": "ldap-corp",
          "schema_version": 0,
          "attributes": {
            "branding": [
              {
                "colors": {},
                "logo_url": "https://example.com/logo.png"
              }
            ],
            "display_name": "LDAP Corp (Simulated)",
            "id": "org_fDx7gecDJ4hAmKDu",
            "metadata": {},
            "name": "ldap-corp",
            "token_quota": []
          },
          "sensitive_attributes": [],
          "private": "bnVsbA=="
        },
        {
          "index_key": "okta-corp",
          "schema_version": 0,
          "attributes": {
            "branding": [
              {
                "colors": {},
                "logo_url": "https://example.com/logo.png"
              }
            ],
            "display_name": "Okta Corp (Simulated)",
            "id": "org_5DnOZCUZyLy2f8sT",
            "metadata": {},
            "name": "okta-corp",
            "token_quota": []
          },
          "sensitive_attributes": [],
          "private": "bnVsbA=="
        },
        {
          "index_key": "real-azure-corp",
          "schema_version": 0,
          "attributes": {
            "branding": [
              {
                "colors": null,
                "logo_url": "https://example.com/logo.png"
              }
            ],
            "display_name": "Real Azure Corp",
            "id": "org_OqugCGseq85xF0rm",
            "metadata": null,
            "name": "real-azure-corp",
            "token_quota": []
          },
          "sensitive_attributes": [],
          "private": "bnVsbA=="
        },
        {
          "index_key": "saml-corp",
          "schema_version": 0,
          "attributes": {
            "branding": [
              {
                "colors": {},
                "logo_url": "https://example.com/logo.png"
              }
            ],
            "display_name": "SAML Corp (Simulated)",
            "id": "org_wtg281Bn9Lb3oaXn",
            "metadata": {},
            "name": "saml-corp",
            "token_quota": []
          },
          "sensitive_attributes": [],
          "private": "bnVsbA=="
        }
      ]
    },
    {
      "mode": "managed",
      "type": "auth0_organization_connection",
      "name": "org_conns",
      "provider": "provider[\"registry.terraform.io/auth0/auth0\"]",
      "instances": [
        {
          "index_key": "azure-corp",
          "schema_version": 0,
          "attributes": {
            "assign_membership_on_login": true,
            "connection_id": "con_YvS0jpFtU6cb1OI5",
            "id": "org_YZurKvaoBfFlbQTr::con_YvS0jpFtU6cb1OI5",
            "is_signup_enabled": false,
            "name": "sim-azure-conn",
            "organization_id": "org_YZurKvaoBfFlbQTr",
            "show_as_button": true,
            "strategy": "auth0"
          },
          "sensitive_attributes": [],
          "private": "bnVsbA==",
          "dependencies": [
            "auth0_connection.conns",
            "auth0_organization.orgs"
          ]
        },
        {
          "index_key": "google-corp",
          "schema_version": 0,
          "attributes": {
            "assign_membership_on_login": true,
            "connection_id": "con_US8kZFxhfUFZdAYM",
            "id": "org_8mcqihdxiRlYI9t8::con_US8kZFxhfUFZdAYM",
            "is_signup_enabled": false,
            "name": "sim-google-conn",
            "organization_id": "org_8mcqihdxiRlYI9t8",
            "show_as_button": true,
            "strategy": "auth0"
          },
          "sensitive_attributes": [],
          "private": "bnVsbA==",
          "dependencies": [
            "auth0_connection.conns",
            "auth0_organization.orgs"
          ]
        },
        {
          "index_key": "ldap-corp",
          "schema_version": 0,
          "attributes": {
            "assign_membership_on_login": true,
            "connection_id": "con_Uae22xNsHlsOsMYl",
            "id": "org_fDx7gecDJ4hAmKDu::con_Uae22xNsHlsOsMYl",
            "is_signup_enabled": false,
            "name": "sim-ldap-conn",
            "organization_id": "org_fDx7gecDJ4hAmKDu",
            "show_as_button": true,
            "strategy": "auth0"
          },
          "sensitive_attributes": [],
          "private": "bnVsbA==",
          "dependencies": [
            "auth0_connection.conns",
            "auth0_organization.orgs"
          ]
        },
        {
          "index_key": "okta-corp",
          "schema_version": 0,
          "attributes": {
            "assign_membership_on_login": true,
            "connection_id": "con_BTcB6lCR7Cc0rXIK",
            "id": "org_5DnOZCUZyLy2f8sT::con_BTcB6lCR7Cc0rXIK",
            "is_signup_enabled": false,
            "name": "sim-okta-conn",
            "organization_id": "org_5DnOZCUZyLy2f8sT",
            "show_as_button": true,
            "strategy": "auth0"
          },
          "sensitive_attributes": [],
          "private": "bnVsbA==",
          "dependencies": [
            "auth0_connection.conns",
            "auth0_organization.orgs"
          ]
        },
        {
          "index_key": "real-azure-corp",
          "schema_version": 0,
          "attributes": {
            "assign_membership_on_login": true,
            "connection_id": "con_sTtR5aXncGUk3ogu",
            "id": "org_OqugCGseq85xF0rm::con_sTtR5aXncGUk3ogu",
            "is_signup_enabled": false,
            "name": "real-azure-ad-conn",
            "organization_id": "org_OqugCGseq85xF0rm",
            "show_as_button": true,
            "strategy": "waad"
          },
          "sensitive_attributes": [],
          "private": "bnVsbA==",
          "dependencies": [
            "auth0_connection.conns",
            "auth0_organization.orgs"
          ]
        },
        {
          "index_key": "saml-corp",
          "schema_version": 0,
          "attributes": {
            "assign_membership_on_login": true,
            "connection_id": "con_VnbPtIi32GB8jp6e",
            "id": "org_wtg281Bn9Lb3oaXn::con_VnbPtIi32GB8jp6e",
            "is_signup_enabled": false,
            "name": "sim-saml-conn",
            "organization_id": "org_wtg281Bn9Lb3oaXn",
            "show_as_button": true,
            "strategy": "auth0"
          },
          "sensitive_attributes": [],
          "private": "bnVsbA==",
          "dependencies": [
            "auth0_connection.conns",
            "auth0_organization.orgs"
          ]
        }
      ]
    },
    {
      "mode": "managed",
      "type": "auth0_user",
      "name": "alice_azure",
      "provider": "provider[\"registry.terraform.io/auth0/auth0\"]",
      "instances": [
        {
          "schema_version": 0,
          "attributes": {
            "app_metadata": "",
            "blocked": false,
            "connection_name": "sim-azure-conn",
            "custom_domain_header": null,
            "email": "alice@azure-corp.com",
            "email_verified": true,
            "family_name": "",
            "given_name": "",
            "id": "auth0|6925bbf50009457c6183d1f8",
            "name": "alice@azure-corp.com",
            "nickname": "alice",
            "password": "Password123!",
            "phone_number": "",
            "phone_verified": false,
            "picture": "https://s.gravatar.com/avatar/0964ab092a7323d48eda2e895e47f691?s=480\u0026r=pg\u0026d=https%3A%2F%2Fcdn.auth0.com%2Favatars%2Fal.png",
            "user_id": "auth0|6925bbf50009457c6183d1f8",
            "user_metadata": "",
            "username": "",
            "verify_email": false
          },
          "sensitive_attributes": [
            [
              {
                "type": "get_attr",
                "value": "password"
              }
            ]
          ],
          "private": "bnVsbA==",
          "dependencies": [
            "auth0_connection.conns",
            "auth0_connection_clients.enable_clients"
          ]
        }
      ]
    }
  ],
  "check_results": null
}
